
Microsoft Visual Studio Solution File, Format Version 12.00
# Visual Studio Version 17
VisualStudioVersion = 17.0.31903.59
MinimumVisualStudioVersion = 10.0.40219.1
Project("{2150E333-8FDC-42A3-9474-1A3956D46DE8}") = "Элементы решения", "Элементы решения", "{4EB1478B-7F08-4FCC-A3A0-F7A5B59C3138}"
	ProjectSection(SolutionItems) = preProject
		README.md = README.md
	EndProjectSection
EndProject
Project("{2150E333-8FDC-42A3-9474-1A3956D46DE8}") = "Lesson1", "Lesson1", "{97C35C90-EAA4-4EE7-A8EC-31006B2739D8}"
	ProjectSection(SolutionItems) = preProject
		Lesson1\readme.md = Lesson1\readme.md
	EndProjectSection
EndProject
Project("{2150E333-8FDC-42A3-9474-1A3956D46DE8}") = "Task1", "Task1", "{56CA859E-7455-4954-BEA6-1BDBC489E65B}"
	ProjectSection(SolutionItems) = preProject
		Lesson1\Task1\readme.md = Lesson1\Task1\readme.md
	EndProjectSection
EndProject
Project("{2150E333-8FDC-42A3-9474-1A3956D46DE8}") = "Task1Classic", "Task1Classic", "{D5FCA5B6-F86F-4FE0-9D17-A19B0EC41802}"
EndProject
Project("{2150E333-8FDC-42A3-9474-1A3956D46DE8}") = "Task1TransactionScript", "Task1TransactionScript", "{800CD8A0-3EC4-4A93-8E51-3D580E6B3812}"
EndProject
Project("{2150E333-8FDC-42A3-9474-1A3956D46DE8}") = "Task1ActiveRecord", "Task1ActiveRecord", "{57A583AA-8AA6-45A8-B51B-8909842C3B9C}"
EndProject
Project("{2150E333-8FDC-42A3-9474-1A3956D46DE8}") = "Task1DomainModel", "Task1DomainModel", "{33AD7828-E626-4599-A147-089A34BB7F80}"
EndProject
Project("{2150E333-8FDC-42A3-9474-1A3956D46DE8}") = "Task1EventSourcing", "Task1EventSourcing", "{D1250DA5-CD2C-4F33-BE23-2B418178E862}"
EndProject
Project("{2150E333-8FDC-42A3-9474-1A3956D46DE8}") = "src", "src", "{E91B45D7-362B-43B8-AECC-02E1E4CA7F37}"
EndProject
Project("{2150E333-8FDC-42A3-9474-1A3956D46DE8}") = "tests", "tests", "{7E4463A9-59BD-4B67-AB7F-C158A57D40DE}"
EndProject
Project("{2150E333-8FDC-42A3-9474-1A3956D46DE8}") = "src", "src", "{034233B6-632E-43A6-A968-4C4194E99770}"
EndProject
Project("{2150E333-8FDC-42A3-9474-1A3956D46DE8}") = "tests", "tests", "{0EF6F077-BC61-48CF-B12D-4935E1944645}"
EndProject
Project("{2150E333-8FDC-42A3-9474-1A3956D46DE8}") = "QuestionnaireDomain", "QuestionnaireDomain", "{96A1BFF6-693A-476B-B63D-2CD890D577C5}"
EndProject
Global
	GlobalSection(SolutionProperties) = preSolution
		HideSolutionNode = FALSE
	EndGlobalSection
	GlobalSection(NestedProjects) = preSolution
		{56CA859E-7455-4954-BEA6-1BDBC489E65B} = {97C35C90-EAA4-4EE7-A8EC-31006B2739D8}
		{D5FCA5B6-F86F-4FE0-9D17-A19B0EC41802} = {56CA859E-7455-4954-BEA6-1BDBC489E65B}
		{800CD8A0-3EC4-4A93-8E51-3D580E6B3812} = {56CA859E-7455-4954-BEA6-1BDBC489E65B}
		{57A583AA-8AA6-45A8-B51B-8909842C3B9C} = {56CA859E-7455-4954-BEA6-1BDBC489E65B}
		{33AD7828-E626-4599-A147-089A34BB7F80} = {56CA859E-7455-4954-BEA6-1BDBC489E65B}
		{D1250DA5-CD2C-4F33-BE23-2B418178E862} = {56CA859E-7455-4954-BEA6-1BDBC489E65B}
		{E91B45D7-362B-43B8-AECC-02E1E4CA7F37} = {D5FCA5B6-F86F-4FE0-9D17-A19B0EC41802}
		{7E4463A9-59BD-4B67-AB7F-C158A57D40DE} = {D5FCA5B6-F86F-4FE0-9D17-A19B0EC41802}
		{034233B6-632E-43A6-A968-4C4194E99770} = {800CD8A0-3EC4-4A93-8E51-3D580E6B3812}
		{0EF6F077-BC61-48CF-B12D-4935E1944645} = {800CD8A0-3EC4-4A93-8E51-3D580E6B3812}
		{96A1BFF6-693A-476B-B63D-2CD890D577C5} = {034233B6-632E-43A6-A968-4C4194E99770}
	EndGlobalSection
EndGlobal
